
Microsoft Visual Studio Solution File, Format Version 12.00
# Visual Studio 2017
Project("{FAE04EC0-301F-11D3-BF4B-00C04F79EFBC}") = "tms", "tms.csproj", "{C66AB726-47CA-4472-913F-5076D88AC583}"
EndProject
Global
	GlobalSection(SolutionConfigurationPlatforms) = preSolution
		Debug|Any CPU = Debug|Any CPU
		Release|Any CPU = Release|Any CPU
	EndGlobalSection
	GlobalSection(ProjectConfigurationPlatforms) = postSolution
		{C66AB726-47CA-4472-913F-5076D88AC583}.Debug|Any CPU.ActiveCfg = Debug|Any CPU
		{C66AB726-47CA-4472-913F-5076D88AC583}.Debug|Any CPU.Build.0 = Debug|Any CPU
		{C66AB726-47CA-4472-913F-5076D88AC583}.Release|Any CPU.ActiveCfg = Release|Any CPU
		{C66AB726-47CA-4472-913F-5076D88AC583}.Release|Any CPU.Build.0 = Release|Any CPU
	EndGlobalSection
EndGlobal
